{
  "name": "polizeiausbildung",
  "version": "0.0.0",
  "lockfileVersion": 1,
  "requires": true,
  "dependencies": {
    "angular2-tree-component": {
      "version": "3.1.0",
      "resolved": "https://registry.npmjs.org/angular2-tree-component/-/angular2-tree-component-3.1.0.tgz",
      "integrity": "sha1-u3d81QcJM2T2DcdIgmYXcv25ZWo=",
      "requires": {
        "lodash": "4.17.4",
        "mobx": "3.3.1",
        "ng2-mobx": "1.2.9"
      }
    },
    "es6-object-assign": {
      "version": "1.1.0",
      "resolved": "https://registry.npmjs.org/es6-object-assign/-/es6-object-assign-1.1.0.tgz",
      "integrity": "sha1-wsNYJlYkfDnqEHyx5mUrb58kUjw="
    },
    "find-insert-index": {
      "version": "0.0.1",
      "resolved": "https://registry.npmjs.org/find-insert-index/-/find-insert-index-0.0.1.tgz",
      "integrity": "sha1-Fs00ZkwqwjOQWrKzl0W87HITYt4="
    },
    "lodash": {
      "version": "4.17.4",
      "resolved": "https://registry.npmjs.org/lodash/-/lodash-4.17.4.tgz",
      "integrity": "sha1-eCA6TRwyiuHYbcpkYONptX9AVa4="
    },
    "mergesort": {
      "version": "0.0.1",
      "resolved": "https://registry.npmjs.org/mergesort/-/mergesort-0.0.1.tgz",
      "integrity": "sha1-Nk7MMbKX3H9E5RHTZRdvHDnQj8I="
    },
    "mobx": {
      "version": "3.3.1",
      "resolved": "https://registry.npmjs.org/mobx/-/mobx-3.3.1.tgz",
      "integrity": "sha1-w4/Booeg3aP11Lhe/hE3/t2dzfA="
    },
    "ng2-mobx": {
      "version": "1.2.9",
      "resolved": "https://registry.npmjs.org/ng2-mobx/-/ng2-mobx-1.2.9.tgz",
      "integrity": "sha1-Hv4BVMOs2eoH6ymzMvvF9BLbCDU="
    },
    "promise-polyfill": {
      "version": "6.0.2",
      "resolved": "https://registry.npmjs.org/promise-polyfill/-/promise-polyfill-6.0.2.tgz",
      "integrity": "sha1-2chtPcTcLfkBboiUbe/Wm0m0EWI="
    },
    "sweetalert": {
      "version": "2.0.8",
      "resolved": "https://registry.npmjs.org/sweetalert/-/sweetalert-2.0.8.tgz",
      "integrity": "sha512-43/9dVMDV9ppoMpSAdGpwY3AIF2ACupDWIxqqnhr/OQBYQTVUapK2bb8ex41Y9rbOWNkFWyPBmdqVCJfHdUeew==",
      "requires": {
        "es6-object-assign": "1.1.0",
        "promise-polyfill": "6.0.2"
      }
    },
    "tree-model": {
      "version": "1.0.6",
      "resolved": "https://registry.npmjs.org/tree-model/-/tree-model-1.0.6.tgz",
      "integrity": "sha1-0tU4cilQW6Qxmab2/tHHK9UBlEA=",
      "requires": {
        "find-insert-index": "0.0.1",
        "mergesort": "0.0.1"
      }
    }
  }
}
