# THIS IS AN AUTOGENERATED FILE. DO NOT EDIT THIS FILE DIRECTLY.
# yarn lockfile v1


angular2-tree-component@^3.1.0:
  version "3.1.0"
  resolved "https://registry.yarnpkg.com/angular2-tree-component/-/angular2-tree-component-3.1.0.tgz#bb777cd507093364f60dc74882661772fdb9656a"
  dependencies:
    lodash "^4.6.1"
    mobx "^3.1.0"
    ng2-mobx "^1.2.9"

lodash@^4.6.1:
  version "4.17.4"
  resolved "https://registry.yarnpkg.com/lodash/-/lodash-4.17.4.tgz#78203a4d1c328ae1d86dca6460e369b57f4055ae"

mobx@^3.1.0:
  version "3.3.1"
  resolved "https://registry.yarnpkg.com/mobx/-/mobx-3.3.1.tgz#c38fc1a287a0dda3f5d4b85efe1137fedd9dcdf0"

ng2-mobx@^1.2.9:
  version "1.2.9"
  resolved "https://registry.yarnpkg.com/ng2-mobx/-/ng2-mobx-1.2.9.tgz#1efe0154c3acd9ea07eb29b332fbc5f412db0835"
